
Microsoft Visual Studio Solution File, Format Version 12.00
# Visual Studio 2012
Project("{FAE04EC0-301F-11D3-BF4B-00C04F79EFBC}") = "WP8VBAM", "WP8VBAM\WP8VBAM\WP8VBAM.csproj", "{E6470260-50E5-4B4B-AAAC-223EE7485237}"
EndProject
Project("{8BC9CEB8-8B4A-11D0-8D11-00A0C91BC942}") = "WP8VBAMComponent", "WP8VBAM\WP8VBAMComponent\WP8VBAMComponent.vcxproj", "{25D46FDB-318A-4352-89F7-AB384DD719F0}"
EndProject
Global
	GlobalSection(SolutionConfigurationPlatforms) = preSolution
		Debug|Any CPU = Debug|Any CPU
		Debug|ARM = Debug|ARM
		Debug|Mixed Platforms = Debug|Mixed Platforms
		Debug|Win32 = Debug|Win32
		Debug|x86 = Debug|x86
		DebugGBC|Any CPU = DebugGBC|Any CPU
		DebugGBC|ARM = DebugGBC|ARM
		DebugGBC|Mixed Platforms = DebugGBC|Mixed Platforms
		DebugGBC|Win32 = DebugGBC|Win32
		DebugGBC|x86 = DebugGBC|x86
		DebugTrial|Any CPU = DebugTrial|Any CPU
		DebugTrial|ARM = DebugTrial|ARM
		DebugTrial|Mixed Platforms = DebugTrial|Mixed Platforms
		DebugTrial|Win32 = DebugTrial|Win32
		DebugTrial|x86 = DebugTrial|x86
		DebugTrialGBC|Any CPU = DebugTrialGBC|Any CPU
		DebugTrialGBC|ARM = DebugTrialGBC|ARM
		DebugTrialGBC|Mixed Platforms = DebugTrialGBC|Mixed Platforms
		DebugTrialGBC|Win32 = DebugTrialGBC|Win32
		DebugTrialGBC|x86 = DebugTrialGBC|x86
		Release|Any CPU = Release|Any CPU
		Release|ARM = Release|ARM
		Release|Mixed Platforms = Release|Mixed Platforms
		Release|Win32 = Release|Win32
		Release|x86 = Release|x86
		ReleaseGBC|Any CPU = ReleaseGBC|Any CPU
		ReleaseGBC|ARM = ReleaseGBC|ARM
		ReleaseGBC|Mixed Platforms = ReleaseGBC|Mixed Platforms
		ReleaseGBC|Win32 = ReleaseGBC|Win32
		ReleaseGBC|x86 = ReleaseGBC|x86
	EndGlobalSection
	GlobalSection(ProjectConfigurationPlatforms) = postSolution
		{E6470260-50E5-4B4B-AAAC-223EE7485237}.Debug|Any CPU.ActiveCfg = Debug|Any CPU
		{E6470260-50E5-4B4B-AAAC-223EE7485237}.Debug|Any CPU.Build.0 = Debug|Any CPU
		{E6470260-50E5-4B4B-AAAC-223EE7485237}.Debug|Any CPU.Deploy.0 = Debug|Any CPU
		{E6470260-50E5-4B4B-AAAC-223EE7485237}.Debug|ARM.ActiveCfg = Debug|ARM
		{E6470260-50E5-4B4B-AAAC-223EE7485237}.Debug|ARM.Build.0 = Debug|ARM
		{E6470260-50E5-4B4B-AAAC-223EE7485237}.Debug|ARM.Deploy.0 = Debug|ARM
		{E6470260-50E5-4B4B-AAAC-223EE7485237}.Debug|Mixed Platforms.ActiveCfg = Debug|x86
		{E6470260-50E5-4B4B-AAAC-223EE7485237}.Debug|Mixed Platforms.Build.0 = Debug|x86
		{E6470260-50E5-4B4B-AAAC-223EE7485237}.Debug|Mixed Platforms.Deploy.0 = Debug|x86
		{E6470260-50E5-4B4B-AAAC-223EE7485237}.Debug|Win32.ActiveCfg = Debug|x86
		{E6470260-50E5-4B4B-AAAC-223EE7485237}.Debug|Win32.Build.0 = Debug|x86
		{E6470260-50E5-4B4B-AAAC-223EE7485237}.Debug|Win32.Deploy.0 = Debug|x86
		{E6470260-50E5-4B4B-AAAC-223EE7485237}.Debug|x86.ActiveCfg = Debug|x86
		{E6470260-50E5-4B4B-AAAC-223EE7485237}.Debug|x86.Build.0 = Debug|x86
		{E6470260-50E5-4B4B-AAAC-223EE7485237}.Debug|x86.Deploy.0 = Debug|x86
		{E6470260-50E5-4B4B-AAAC-223EE7485237}.DebugGBC|Any CPU.ActiveCfg = DebugGBC|Any CPU
		{E6470260-50E5-4B4B-AAAC-223EE7485237}.DebugGBC|Any CPU.Build.0 = DebugGBC|Any CPU
		{E6470260-50E5-4B4B-AAAC-223EE7485237}.DebugGBC|Any CPU.Deploy.0 = DebugGBC|Any CPU
		{E6470260-50E5-4B4B-AAAC-223EE7485237}.DebugGBC|ARM.ActiveCfg = DebugGBC|ARM
		{E6470260-50E5-4B4B-AAAC-223EE7485237}.DebugGBC|ARM.Build.0 = DebugGBC|ARM
		{E6470260-50E5-4B4B-AAAC-223EE7485237}.DebugGBC|ARM.Deploy.0 = DebugGBC|ARM
		{E6470260-50E5-4B4B-AAAC-223EE7485237}.DebugGBC|Mixed Platforms.ActiveCfg = DebugGBC|x86
		{E6470260-50E5-4B4B-AAAC-223EE7485237}.DebugGBC|Mixed Platforms.Build.0 = DebugGBC|x86
		{E6470260-50E5-4B4B-AAAC-223EE7485237}.DebugGBC|Mixed Platforms.Deploy.0 = DebugGBC|x86
		{E6470260-50E5-4B4B-AAAC-223EE7485237}.DebugGBC|Win32.ActiveCfg = DebugGBC|x86
		{E6470260-50E5-4B4B-AAAC-223EE7485237}.DebugGBC|Win32.Build.0 = DebugGBC|x86
		{E6470260-50E5-4B4B-AAAC-223EE7485237}.DebugGBC|Win32.Deploy.0 = DebugGBC|x86
		{E6470260-50E5-4B4B-AAAC-223EE7485237}.DebugGBC|x86.ActiveCfg = DebugGBC|x86
		{E6470260-50E5-4B4B-AAAC-223EE7485237}.DebugGBC|x86.Build.0 = DebugGBC|x86
		{E6470260-50E5-4B4B-AAAC-223EE7485237}.DebugGBC|x86.Deploy.0 = DebugGBC|x86
		{E6470260-50E5-4B4B-AAAC-223EE7485237}.DebugTrial|Any CPU.ActiveCfg = DebugTrial|Any CPU
		{E6470260-50E5-4B4B-AAAC-223EE7485237}.DebugTrial|Any CPU.Build.0 = DebugTrial|Any CPU
		{E6470260-50E5-4B4B-AAAC-223EE7485237}.DebugTrial|Any CPU.Deploy.0 = DebugTrial|Any CPU
		{E6470260-50E5-4B4B-AAAC-223EE7485237}.DebugTrial|ARM.ActiveCfg = DebugTrial|ARM
		{E6470260-50E5-4B4B-AAAC-223EE7485237}.DebugTrial|ARM.Build.0 = DebugTrial|ARM
		{E6470260-50E5-4B4B-AAAC-223EE7485237}.DebugTrial|ARM.Deploy.0 = DebugTrial|ARM
		{E6470260-50E5-4B4B-AAAC-223EE7485237}.DebugTrial|Mixed Platforms.ActiveCfg = DebugTrial|x86
		{E6470260-50E5-4B4B-AAAC-223EE7485237}.DebugTrial|Mixed Platforms.Build.0 = DebugTrial|x86
		{E6470260-50E5-4B4B-AAAC-223EE7485237}.DebugTrial|Mixed Platforms.Deploy.0 = DebugTrial|x86
		{E6470260-50E5-4B4B-AAAC-223EE7485237}.DebugTrial|Win32.ActiveCfg = DebugTrial|x86
		{E6470260-50E5-4B4B-AAAC-223EE7485237}.DebugTrial|Win32.Build.0 = DebugTrial|x86
		{E6470260-50E5-4B4B-AAAC-223EE7485237}.DebugTrial|Win32.Deploy.0 = DebugTrial|x86
		{E6470260-50E5-4B4B-AAAC-223EE7485237}.DebugTrial|x86.ActiveCfg = DebugTrial|x86
		{E6470260-50E5-4B4B-AAAC-223EE7485237}.DebugTrial|x86.Build.0 = DebugTrial|x86
		{E6470260-50E5-4B4B-AAAC-223EE7485237}.DebugTrial|x86.Deploy.0 = DebugTrial|x86
		{E6470260-50E5-4B4B-AAAC-223EE7485237}.DebugTrialGBC|Any CPU.ActiveCfg = DebugTrialGBC|Any CPU
		{E6470260-50E5-4B4B-AAAC-223EE7485237}.DebugTrialGBC|Any CPU.Build.0 = DebugTrialGBC|Any CPU
		{E6470260-50E5-4B4B-AAAC-223EE7485237}.DebugTrialGBC|Any CPU.Deploy.0 = DebugTrialGBC|Any CPU
		{E6470260-50E5-4B4B-AAAC-223EE7485237}.DebugTrialGBC|ARM.ActiveCfg = DebugTrialGBC|ARM
		{E6470260-50E5-4B4B-AAAC-223EE7485237}.DebugTrialGBC|ARM.Build.0 = DebugTrialGBC|ARM
		{E6470260-50E5-4B4B-AAAC-223EE7485237}.DebugTrialGBC|ARM.Deploy.0 = DebugTrialGBC|ARM
		{E6470260-50E5-4B4B-AAAC-223EE7485237}.DebugTrialGBC|Mixed Platforms.ActiveCfg = DebugTrialGBC|x86
		{E6470260-50E5-4B4B-AAAC-223EE7485237}.DebugTrialGBC|Mixed Platforms.Build.0 = DebugTrialGBC|x86
		{E6470260-50E5-4B4B-AAAC-223EE7485237}.DebugTrialGBC|Mixed Platforms.Deploy.0 = DebugTrialGBC|x86
		{E6470260-50E5-4B4B-AAAC-223EE7485237}.DebugTrialGBC|Win32.ActiveCfg = DebugTrialGBC|x86
		{E6470260-50E5-4B4B-AAAC-223EE7485237}.DebugTrialGBC|Win32.Build.0 = DebugTrialGBC|x86
		{E6470260-50E5-4B4B-AAAC-223EE7485237}.DebugTrialGBC|Win32.Deploy.0 = DebugTrialGBC|x86
		{E6470260-50E5-4B4B-AAAC-223EE7485237}.DebugTrialGBC|x86.ActiveCfg = DebugTrialGBC|x86
		{E6470260-50E5-4B4B-AAAC-223EE7485237}.DebugTrialGBC|x86.Build.0 = DebugTrialGBC|x86
		{E6470260-50E5-4B4B-AAAC-223EE7485237}.DebugTrialGBC|x86.Deploy.0 = DebugTrialGBC|x86
		{E6470260-50E5-4B4B-AAAC-223EE7485237}.Release|Any CPU.ActiveCfg = Release|Any CPU
		{E6470260-50E5-4B4B-AAAC-223EE7485237}.Release|Any CPU.Build.0 = Release|Any CPU
		{E6470260-50E5-4B4B-AAAC-223EE7485237}.Release|Any CPU.Deploy.0 = Release|Any CPU
		{E6470260-50E5-4B4B-AAAC-223EE7485237}.Release|ARM.ActiveCfg = Release|ARM
		{E6470260-50E5-4B4B-AAAC-223EE7485237}.Release|ARM.Build.0 = Release|ARM
		{E6470260-50E5-4B4B-AAAC-223EE7485237}.Release|ARM.Deploy.0 = Release|ARM
		{E6470260-50E5-4B4B-AAAC-223EE7485237}.Release|Mixed Platforms.ActiveCfg = Release|x86
		{E6470260-50E5-4B4B-AAAC-223EE7485237}.Release|Mixed Platforms.Build.0 = Release|x86
		{E6470260-50E5-4B4B-AAAC-223EE7485237}.Release|Mixed Platforms.Deploy.0 = Release|x86
		{E6470260-50E5-4B4B-AAAC-223EE7485237}.Release|Win32.ActiveCfg = Release|x86
		{E6470260-50E5-4B4B-AAAC-223EE7485237}.Release|Win32.Build.0 = Release|x86
		{E6470260-50E5-4B4B-AAAC-223EE7485237}.Release|Win32.Deploy.0 = Release|x86
		{E6470260-50E5-4B4B-AAAC-223EE7485237}.Release|x86.ActiveCfg = Release|x86
		{E6470260-50E5-4B4B-AAAC-223EE7485237}.Release|x86.Build.0 = Release|x86
		{E6470260-50E5-4B4B-AAAC-223EE7485237}.Release|x86.Deploy.0 = Release|x86
		{E6470260-50E5-4B4B-AAAC-223EE7485237}.ReleaseGBC|Any CPU.ActiveCfg = ReleaseGBC|Any CPU
		{E6470260-50E5-4B4B-AAAC-223EE7485237}.ReleaseGBC|Any CPU.Build.0 = ReleaseGBC|Any CPU
		{E6470260-50E5-4B4B-AAAC-223EE7485237}.ReleaseGBC|Any CPU.Deploy.0 = ReleaseGBC|Any CPU
		{E6470260-50E5-4B4B-AAAC-223EE7485237}.ReleaseGBC|ARM.ActiveCfg = ReleaseGBC|ARM
		{E6470260-50E5-4B4B-AAAC-223EE7485237}.ReleaseGBC|ARM.Build.0 = ReleaseGBC|ARM
		{E6470260-50E5-4B4B-AAAC-223EE7485237}.ReleaseGBC|ARM.Deploy.0 = ReleaseGBC|ARM
		{E6470260-50E5-4B4B-AAAC-223EE7485237}.ReleaseGBC|Mixed Platforms.ActiveCfg = ReleaseGBC|x86
		{E6470260-50E5-4B4B-AAAC-223EE7485237}.ReleaseGBC|Mixed Platforms.Build.0 = ReleaseGBC|x86
		{E6470260-50E5-4B4B-AAAC-223EE7485237}.ReleaseGBC|Mixed Platforms.Deploy.0 = ReleaseGBC|x86
		{E6470260-50E5-4B4B-AAAC-223EE7485237}.ReleaseGBC|Win32.ActiveCfg = ReleaseGBC|x86
		{E6470260-50E5-4B4B-AAAC-223EE7485237}.ReleaseGBC|Win32.Build.0 = ReleaseGBC|x86
		{E6470260-50E5-4B4B-AAAC-223EE7485237}.ReleaseGBC|Win32.Deploy.0 = ReleaseGBC|x86
		{E6470260-50E5-4B4B-AAAC-223EE7485237}.ReleaseGBC|x86.ActiveCfg = ReleaseGBC|x86
		{E6470260-50E5-4B4B-AAAC-223EE7485237}.ReleaseGBC|x86.Build.0 = ReleaseGBC|x86
		{E6470260-50E5-4B4B-AAAC-223EE7485237}.ReleaseGBC|x86.Deploy.0 = ReleaseGBC|x86
		{25D46FDB-318A-4352-89F7-AB384DD719F0}.Debug|Any CPU.ActiveCfg = Debug|Win32
		{25D46FDB-318A-4352-89F7-AB384DD719F0}.Debug|ARM.ActiveCfg = Debug|ARM
		{25D46FDB-318A-4352-89F7-AB384DD719F0}.Debug|ARM.Build.0 = Debug|ARM
		{25D46FDB-318A-4352-89F7-AB384DD719F0}.Debug|Mixed Platforms.ActiveCfg = Debug|Win32
		{25D46FDB-318A-4352-89F7-AB384DD719F0}.Debug|Mixed Platforms.Build.0 = Debug|Win32
		{25D46FDB-318A-4352-89F7-AB384DD719F0}.Debug|Win32.ActiveCfg = Debug|Win32
		{25D46FDB-318A-4352-89F7-AB384DD719F0}.Debug|Win32.Build.0 = Debug|Win32
		{25D46FDB-318A-4352-89F7-AB384DD719F0}.Debug|x86.ActiveCfg = Debug|Win32
		{25D46FDB-318A-4352-89F7-AB384DD719F0}.Debug|x86.Build.0 = Debug|Win32
		{25D46FDB-318A-4352-89F7-AB384DD719F0}.DebugGBC|Any CPU.ActiveCfg = DebugGBC|Win32
		{25D46FDB-318A-4352-89F7-AB384DD719F0}.DebugGBC|ARM.ActiveCfg = DebugGBC|ARM
		{25D46FDB-318A-4352-89F7-AB384DD719F0}.DebugGBC|ARM.Build.0 = DebugGBC|ARM
		{25D46FDB-318A-4352-89F7-AB384DD719F0}.DebugGBC|Mixed Platforms.ActiveCfg = DebugGBC|Win32
		{25D46FDB-318A-4352-89F7-AB384DD719F0}.DebugGBC|Mixed Platforms.Build.0 = DebugGBC|Win32
		{25D46FDB-318A-4352-89F7-AB384DD719F0}.DebugGBC|Win32.ActiveCfg = DebugGBC|Win32
		{25D46FDB-318A-4352-89F7-AB384DD719F0}.DebugGBC|Win32.Build.0 = DebugGBC|Win32
		{25D46FDB-318A-4352-89F7-AB384DD719F0}.DebugGBC|x86.ActiveCfg = DebugGBC|Win32
		{25D46FDB-318A-4352-89F7-AB384DD719F0}.DebugGBC|x86.Build.0 = DebugGBC|Win32
		{25D46FDB-318A-4352-89F7-AB384DD719F0}.DebugTrial|Any CPU.ActiveCfg = DebugTrial|Win32
		{25D46FDB-318A-4352-89F7-AB384DD719F0}.DebugTrial|ARM.ActiveCfg = DebugTrial|ARM
		{25D46FDB-318A-4352-89F7-AB384DD719F0}.DebugTrial|ARM.Build.0 = DebugTrial|ARM
		{25D46FDB-318A-4352-89F7-AB384DD719F0}.DebugTrial|Mixed Platforms.ActiveCfg = DebugTrial|Win32
		{25D46FDB-318A-4352-89F7-AB384DD719F0}.DebugTrial|Mixed Platforms.Build.0 = DebugTrial|Win32
		{25D46FDB-318A-4352-89F7-AB384DD719F0}.DebugTrial|Win32.ActiveCfg = DebugTrial|Win32
		{25D46FDB-318A-4352-89F7-AB384DD719F0}.DebugTrial|Win32.Build.0 = DebugTrial|Win32
		{25D46FDB-318A-4352-89F7-AB384DD719F0}.DebugTrial|x86.ActiveCfg = DebugTrial|Win32
		{25D46FDB-318A-4352-89F7-AB384DD719F0}.DebugTrial|x86.Build.0 = DebugTrial|Win32
		{25D46FDB-318A-4352-89F7-AB384DD719F0}.DebugTrialGBC|Any CPU.ActiveCfg = DebugTrialGBC|Win32
		{25D46FDB-318A-4352-89F7-AB384DD719F0}.DebugTrialGBC|ARM.ActiveCfg = DebugTrialGBC|ARM
		{25D46FDB-318A-4352-89F7-AB384DD719F0}.DebugTrialGBC|ARM.Build.0 = DebugTrialGBC|ARM
		{25D46FDB-318A-4352-89F7-AB384DD719F0}.DebugTrialGBC|Mixed Platforms.ActiveCfg = DebugTrialGBC|Win32
		{25D46FDB-318A-4352-89F7-AB384DD719F0}.DebugTrialGBC|Mixed Platforms.Build.0 = DebugTrialGBC|Win32
		{25D46FDB-318A-4352-89F7-AB384DD719F0}.DebugTrialGBC|Win32.ActiveCfg = DebugTrialGBC|Win32
		{25D46FDB-318A-4352-89F7-AB384DD719F0}.DebugTrialGBC|Win32.Build.0 = DebugTrialGBC|Win32
		{25D46FDB-318A-4352-89F7-AB384DD719F0}.DebugTrialGBC|x86.ActiveCfg = DebugTrialGBC|Win32
		{25D46FDB-318A-4352-89F7-AB384DD719F0}.DebugTrialGBC|x86.Build.0 = DebugTrialGBC|Win32
		{25D46FDB-318A-4352-89F7-AB384DD719F0}.Release|Any CPU.ActiveCfg = Release|Win32
		{25D46FDB-318A-4352-89F7-AB384DD719F0}.Release|ARM.ActiveCfg = Release|ARM
		{25D46FDB-318A-4352-89F7-AB384DD719F0}.Release|ARM.Build.0 = Release|ARM
		{25D46FDB-318A-4352-89F7-AB384DD719F0}.Release|Mixed Platforms.ActiveCfg = Release|Win32
		{25D46FDB-318A-4352-89F7-AB384DD719F0}.Release|Mixed Platforms.Build.0 = Release|Win32
		{25D46FDB-318A-4352-89F7-AB384DD719F0}.Release|Win32.ActiveCfg = Release|Win32
		{25D46FDB-318A-4352-89F7-AB384DD719F0}.Release|Win32.Build.0 = Release|Win32
		{25D46FDB-318A-4352-89F7-AB384DD719F0}.Release|x86.ActiveCfg = Release|Win32
		{25D46FDB-318A-4352-89F7-AB384DD719F0}.Release|x86.Build.0 = Release|Win32
		{25D46FDB-318A-4352-89F7-AB384DD719F0}.ReleaseGBC|Any CPU.ActiveCfg = ReleaseGBC|Win32
		{25D46FDB-318A-4352-89F7-AB384DD719F0}.ReleaseGBC|ARM.ActiveCfg = ReleaseGBC|ARM
		{25D46FDB-318A-4352-89F7-AB384DD719F0}.ReleaseGBC|ARM.Build.0 = ReleaseGBC|ARM
		{25D46FDB-318A-4352-89F7-AB384DD719F0}.ReleaseGBC|Mixed Platforms.ActiveCfg = ReleaseGBC|Win32
		{25D46FDB-318A-4352-89F7-AB384DD719F0}.ReleaseGBC|Mixed Platforms.Build.0 = ReleaseGBC|Win32
		{25D46FDB-318A-4352-89F7-AB384DD719F0}.ReleaseGBC|Win32.ActiveCfg = ReleaseGBC|Win32
		{25D46FDB-318A-4352-89F7-AB384DD719F0}.ReleaseGBC|Win32.Build.0 = ReleaseGBC|Win32
		{25D46FDB-318A-4352-89F7-AB384DD719F0}.ReleaseGBC|x86.ActiveCfg = ReleaseGBC|Win32
		{25D46FDB-318A-4352-89F7-AB384DD719F0}.ReleaseGBC|x86.Build.0 = ReleaseGBC|Win32
	EndGlobalSection
	GlobalSection(SolutionProperties) = preSolution
		HideSolutionNode = FALSE
	EndGlobalSection
EndGlobal
